
Microsoft Visual Studio Solution File, Format Version 12.00
# Visual Studio 15
Project("{FAE04EC0-301F-11D3-BF4B-00C04F79EFBC}") = "Yodaz.Android", "Yodaz.Android\Yodaz.Android.csproj", "{438334FA-4B95-4C4C-9D98-68ED77E3578B}"
EndProject
Project("{FAE04EC0-301F-11D3-BF4B-00C04F79EFBC}") = "Yodaz.iOS", "Yodaz.iOS\Yodaz.iOS.csproj", "{A075A907-54DF-4915-9909-A1A30EADCB9A}"
EndProject
Project("{FAE04EC0-301F-11D3-BF4B-00C04F79EFBC}") = "Yodaz", "Yodaz\Yodaz.csproj", "{16F63FB3-D5C0-44BD-A6B2-9A9BA3CE90EA}"
EndProject
Global
	GlobalSection(SolutionConfigurationPlatforms) = preSolution
		Debug|Any CPU = Debug|Any CPU
		Release|Any CPU = Release|Any CPU
		Debug|iPhoneSimulator = Debug|iPhoneSimulator
		Release|iPhoneSimulator = Release|iPhoneSimulator
		Debug|iPhone = Debug|iPhone
		Release|iPhone = Release|iPhone
		Ad-Hoc|iPhone = Ad-Hoc|iPhone
		AppStore|iPhone = AppStore|iPhone
	EndGlobalSection
	GlobalSection(ProjectConfigurationPlatforms) = postSolution
		{438334FA-4B95-4C4C-9D98-68ED77E3578B}.Debug|Any CPU.ActiveCfg = Debug|Any CPU
		{438334FA-4B95-4C4C-9D98-68ED77E3578B}.Debug|Any CPU.Build.0 = Debug|Any CPU
		{438334FA-4B95-4C4C-9D98-68ED77E3578B}.Release|Any CPU.ActiveCfg = Release|Any CPU
		{438334FA-4B95-4C4C-9D98-68ED77E3578B}.Release|Any CPU.Build.0 = Release|Any CPU
		{438334FA-4B95-4C4C-9D98-68ED77E3578B}.Debug|iPhoneSimulator.ActiveCfg = Debug|Any CPU
		{438334FA-4B95-4C4C-9D98-68ED77E3578B}.Debug|iPhoneSimulator.Build.0 = Debug|Any CPU
		{438334FA-4B95-4C4C-9D98-68ED77E3578B}.Release|iPhoneSimulator.ActiveCfg = Release|Any CPU
		{438334FA-4B95-4C4C-9D98-68ED77E3578B}.Release|iPhoneSimulator.Build.0 = Release|Any CPU
		{438334FA-4B95-4C4C-9D98-68ED77E3578B}.Debug|iPhone.ActiveCfg = Debug|Any CPU
		{438334FA-4B95-4C4C-9D98-68ED77E3578B}.Debug|iPhone.Build.0 = Debug|Any CPU
		{438334FA-4B95-4C4C-9D98-68ED77E3578B}.Release|iPhone.ActiveCfg = Release|Any CPU
		{438334FA-4B95-4C4C-9D98-68ED77E3578B}.Release|iPhone.Build.0 = Release|Any CPU
		{438334FA-4B95-4C4C-9D98-68ED77E3578B}.Ad-Hoc|iPhone.ActiveCfg = Debug|Any CPU
		{438334FA-4B95-4C4C-9D98-68ED77E3578B}.Ad-Hoc|iPhone.Build.0 = Debug|Any CPU
		{438334FA-4B95-4C4C-9D98-68ED77E3578B}.AppStore|iPhone.ActiveCfg = Debug|Any CPU
		{438334FA-4B95-4C4C-9D98-68ED77E3578B}.AppStore|iPhone.Build.0 = Debug|Any CPU
		{A075A907-54DF-4915-9909-A1A30EADCB9A}.Debug|Any CPU.ActiveCfg = Debug|iPhoneSimulator
		{A075A907-54DF-4915-9909-A1A30EADCB9A}.Debug|Any CPU.Build.0 = Debug|iPhoneSimulator
		{A075A907-54DF-4915-9909-A1A30EADCB9A}.Release|Any CPU.ActiveCfg = Release|iPhoneSimulator
		{A075A907-54DF-4915-9909-A1A30EADCB9A}.Release|Any CPU.Build.0 = Release|iPhoneSimulator
		{A075A907-54DF-4915-9909-A1A30EADCB9A}.Debug|iPhoneSimulator.ActiveCfg = Debug|iPhoneSimulator
		{A075A907-54DF-4915-9909-A1A30EADCB9A}.Debug|iPhoneSimulator.Build.0 = Debug|iPhoneSimulator
		{A075A907-54DF-4915-9909-A1A30EADCB9A}.Release|iPhoneSimulator.ActiveCfg = Release|iPhoneSimulator
		{A075A907-54DF-4915-9909-A1A30EADCB9A}.Release|iPhoneSimulator.Build.0 = Release|iPhoneSimulator
		{A075A907-54DF-4915-9909-A1A30EADCB9A}.Debug|iPhone.ActiveCfg = Debug|iPhone
		{A075A907-54DF-4915-9909-A1A30EADCB9A}.Debug|iPhone.Build.0 = Debug|iPhone
		{A075A907-54DF-4915-9909-A1A30EADCB9A}.Release|iPhone.ActiveCfg = Release|iPhone
		{A075A907-54DF-4915-9909-A1A30EADCB9A}.Release|iPhone.Build.0 = Release|iPhone
		{A075A907-54DF-4915-9909-A1A30EADCB9A}.Ad-Hoc|iPhone.ActiveCfg = Ad-Hoc|iPhone
		{A075A907-54DF-4915-9909-A1A30EADCB9A}.Ad-Hoc|iPhone.Build.0 = Ad-Hoc|iPhone
		{A075A907-54DF-4915-9909-A1A30EADCB9A}.AppStore|iPhone.ActiveCfg = AppStore|iPhone
		{A075A907-54DF-4915-9909-A1A30EADCB9A}.AppStore|iPhone.Build.0 = AppStore|iPhone
		{16F63FB3-D5C0-44BD-A6B2-9A9BA3CE90EA}.Debug|Any CPU.ActiveCfg = Debug|Any CPU
		{16F63FB3-D5C0-44BD-A6B2-9A9BA3CE90EA}.Debug|Any CPU.Build.0 = Debug|Any CPU
		{16F63FB3-D5C0-44BD-A6B2-9A9BA3CE90EA}.Release|Any CPU.ActiveCfg = Release|Any CPU
		{16F63FB3-D5C0-44BD-A6B2-9A9BA3CE90EA}.Release|Any CPU.Build.0 = Release|Any CPU
		{16F63FB3-D5C0-44BD-A6B2-9A9BA3CE90EA}.Debug|iPhoneSimulator.ActiveCfg = Debug|Any CPU
		{16F63FB3-D5C0-44BD-A6B2-9A9BA3CE90EA}.Debug|iPhoneSimulator.Build.0 = Debug|Any CPU
		{16F63FB3-D5C0-44BD-A6B2-9A9BA3CE90EA}.Release|iPhoneSimulator.ActiveCfg = Release|Any CPU
		{16F63FB3-D5C0-44BD-A6B2-9A9BA3CE90EA}.Release|iPhoneSimulator.Build.0 = Release|Any CPU
		{16F63FB3-D5C0-44BD-A6B2-9A9BA3CE90EA}.Debug|iPhone.ActiveCfg = Debug|Any CPU
		{16F63FB3-D5C0-44BD-A6B2-9A9BA3CE90EA}.Debug|iPhone.Build.0 = Debug|Any CPU
		{16F63FB3-D5C0-44BD-A6B2-9A9BA3CE90EA}.Release|iPhone.ActiveCfg = Release|Any CPU
		{16F63FB3-D5C0-44BD-A6B2-9A9BA3CE90EA}.Release|iPhone.Build.0 = Release|Any CPU
		{16F63FB3-D5C0-44BD-A6B2-9A9BA3CE90EA}.Ad-Hoc|iPhone.ActiveCfg = Debug|Any CPU
		{16F63FB3-D5C0-44BD-A6B2-9A9BA3CE90EA}.Ad-Hoc|iPhone.Build.0 = Debug|Any CPU
		{16F63FB3-D5C0-44BD-A6B2-9A9BA3CE90EA}.AppStore|iPhone.ActiveCfg = Debug|Any CPU
		{16F63FB3-D5C0-44BD-A6B2-9A9BA3CE90EA}.AppStore|iPhone.Build.0 = Debug|Any CPU
	EndGlobalSection
EndGlobal
